
Microsoft Visual Studio Solution File, Format Version 12.00
Project("{FAE04EC0-301F-11D3-BF4B-00C04F79EFBC}") = "Pacter", "Pacter\Pacter.csproj", "{B0281D21-F3FF-411F-A1FC-2D81DC8B04C1}"
EndProject
Project("{FAE04EC0-301F-11D3-BF4B-00C04F79EFBC}") = "PacterProviderTest", "PacterProviderTest\PacterProviderTest.csproj", "{30D28760-5BCF-4BD0-91AB-23EE87DC821E}"
EndProject
Global
	GlobalSection(SolutionConfigurationPlatforms) = preSolution
		Debug|Any CPU = Debug|Any CPU
		Release|Any CPU = Release|Any CPU
	EndGlobalSection
	GlobalSection(ProjectConfigurationPlatforms) = postSolution
		{B0281D21-F3FF-411F-A1FC-2D81DC8B04C1}.Debug|Any CPU.ActiveCfg = Debug|Any CPU
		{B0281D21-F3FF-411F-A1FC-2D81DC8B04C1}.Debug|Any CPU.Build.0 = Debug|Any CPU
		{B0281D21-F3FF-411F-A1FC-2D81DC8B04C1}.Release|Any CPU.ActiveCfg = Release|Any CPU
		{B0281D21-F3FF-411F-A1FC-2D81DC8B04C1}.Release|Any CPU.Build.0 = Release|Any CPU
		{30D28760-5BCF-4BD0-91AB-23EE87DC821E}.Debug|Any CPU.ActiveCfg = Debug|Any CPU
		{30D28760-5BCF-4BD0-91AB-23EE87DC821E}.Debug|Any CPU.Build.0 = Debug|Any CPU
		{30D28760-5BCF-4BD0-91AB-23EE87DC821E}.Release|Any CPU.ActiveCfg = Release|Any CPU
		{30D28760-5BCF-4BD0-91AB-23EE87DC821E}.Release|Any CPU.Build.0 = Release|Any CPU
	EndGlobalSection
EndGlobal
